
Microsoft Visual Studio Solution File, Format Version 12.00
# Visual Studio Version 17
VisualStudioVersion = 17.12.35527.113 d17.12
MinimumVisualStudioVersion = 10.0.40219.1
Project("{FAE04EC0-301F-11D3-BF4B-00C04F79EFBC}") = "ChessLogic", "ChessLogic\ChessLogic.csproj", "{5AE14915-ACB8-4E5F-838F-59FBA544F038}"
EndProject
Project("{FAE04EC0-301F-11D3-BF4B-00C04F79EFBC}") = "ChessUI", "ChessUI\ChessUI.csproj", "{F15C70B5-B1AD-4D24-BC4E-FDEA42F463FB}"
EndProject
Global
	GlobalSection(SolutionConfigurationPlatforms) = preSolution
		Debug|Any CPU = Debug|Any CPU
		Release|Any CPU = Release|Any CPU
	EndGlobalSection
	GlobalSection(ProjectConfigurationPlatforms) = postSolution
		{5AE14915-ACB8-4E5F-838F-59FBA544F038}.Debug|Any CPU.ActiveCfg = Debug|Any CPU
		{5AE14915-ACB8-4E5F-838F-59FBA544F038}.Debug|Any CPU.Build.0 = Debug|Any CPU
		{5AE14915-ACB8-4E5F-838F-59FBA544F038}.Release|Any CPU.ActiveCfg = Release|Any CPU
		{5AE14915-ACB8-4E5F-838F-59FBA544F038}.Release|Any CPU.Build.0 = Release|Any CPU
		{F15C70B5-B1AD-4D24-BC4E-FDEA42F463FB}.Debug|Any CPU.ActiveCfg = Debug|Any CPU
		{F15C70B5-B1AD-4D24-BC4E-FDEA42F463FB}.Debug|Any CPU.Build.0 = Debug|Any CPU
		{F15C70B5-B1AD-4D24-BC4E-FDEA42F463FB}.Release|Any CPU.ActiveCfg = Release|Any CPU
		{F15C70B5-B1AD-4D24-BC4E-FDEA42F463FB}.Release|Any CPU.Build.0 = Release|Any CPU
	EndGlobalSection
	GlobalSection(SolutionProperties) = preSolution
		HideSolutionNode = FALSE
	EndGlobalSection
EndGlobal
